
Microsoft Visual Studio Solution File, Format Version 12.00
# Visual Studio 15
VisualStudioVersion = 15.0.28307.421
MinimumVisualStudioVersion = 10.0.40219.1
Project("{FAE04EC0-301F-11D3-BF4B-00C04F79EFBC}") = "Wireshell", "Wireshell\Wireshell.csproj", "{0D3D844F-B701-45B5-9759-9EB3058163FC}"
EndProject
Project("{54435603-DBB4-11D2-8724-00A0C9A8B90C}") = "Setup", "Setup\Setup.vdproj", "{DBFD3D53-390A-4270-B0E0-BA1F759FBCC2}"
EndProject
Project("{54435603-DBB4-11D2-8724-00A0C9A8B90C}") = "Setup Wireshell", "Setup Wireshell\Setup Wireshell.vdproj", "{264265F2-5960-4B84-8EAF-C17463DD7E6E}"
EndProject
Global
	GlobalSection(SolutionConfigurationPlatforms) = preSolution
		Debug|Any CPU = Debug|Any CPU
		Debug|x64 = Debug|x64
		Release|Any CPU = Release|Any CPU
		Release|x64 = Release|x64
	EndGlobalSection
	GlobalSection(ProjectConfigurationPlatforms) = postSolution
		{0D3D844F-B701-45B5-9759-9EB3058163FC}.Debug|Any CPU.ActiveCfg = Debug|Any CPU
		{0D3D844F-B701-45B5-9759-9EB3058163FC}.Debug|Any CPU.Build.0 = Debug|Any CPU
		{0D3D844F-B701-45B5-9759-9EB3058163FC}.Debug|x64.ActiveCfg = Debug|x64
		{0D3D844F-B701-45B5-9759-9EB3058163FC}.Debug|x64.Build.0 = Debug|x64
		{0D3D844F-B701-45B5-9759-9EB3058163FC}.Release|Any CPU.ActiveCfg = Release|Any CPU
		{0D3D844F-B701-45B5-9759-9EB3058163FC}.Release|Any CPU.Build.0 = Release|Any CPU
		{0D3D844F-B701-45B5-9759-9EB3058163FC}.Release|x64.ActiveCfg = Release|x64
		{0D3D844F-B701-45B5-9759-9EB3058163FC}.Release|x64.Build.0 = Release|x64
		{DBFD3D53-390A-4270-B0E0-BA1F759FBCC2}.Debug|Any CPU.ActiveCfg = Debug
		{DBFD3D53-390A-4270-B0E0-BA1F759FBCC2}.Debug|x64.ActiveCfg = Debug
		{DBFD3D53-390A-4270-B0E0-BA1F759FBCC2}.Release|Any CPU.ActiveCfg = Release
		{DBFD3D53-390A-4270-B0E0-BA1F759FBCC2}.Release|x64.ActiveCfg = Release
		{264265F2-5960-4B84-8EAF-C17463DD7E6E}.Debug|Any CPU.ActiveCfg = Debug
		{264265F2-5960-4B84-8EAF-C17463DD7E6E}.Debug|x64.ActiveCfg = Debug
		{264265F2-5960-4B84-8EAF-C17463DD7E6E}.Release|Any CPU.ActiveCfg = Release
		{264265F2-5960-4B84-8EAF-C17463DD7E6E}.Release|x64.ActiveCfg = Release
	EndGlobalSection
	GlobalSection(SolutionProperties) = preSolution
		HideSolutionNode = FALSE
	EndGlobalSection
	GlobalSection(ExtensibilityGlobals) = postSolution
		SolutionGuid = {2AD6205D-8109-4768-9A55-10C83E734EA5}
	EndGlobalSection
EndGlobal
